
Microsoft Visual Studio Solution File, Format Version 12.00
# Visual Studio Version 16
VisualStudioVersion = 16.0.31313.79
MinimumVisualStudioVersion = 10.0.40219.1
Project("{FAE04EC0-301F-11D3-BF4B-00C04F79EFBC}") = "BYM", "BYM.csproj", "{A57EFF3C-219A-452C-8943-2366EC46578B}"
EndProject
Global
	GlobalSection(SolutionConfigurationPlatforms) = preSolution
		Debug|Any CPU = Debug|Any CPU
		Release|Any CPU = Release|Any CPU
	EndGlobalSection
	GlobalSection(ProjectConfigurationPlatforms) = postSolution
		{A57EFF3C-219A-452C-8943-2366EC46578B}.Debug|Any CPU.ActiveCfg = Debug|Any CPU
		{A57EFF3C-219A-452C-8943-2366EC46578B}.Debug|Any CPU.Build.0 = Debug|Any CPU
		{A57EFF3C-219A-452C-8943-2366EC46578B}.Release|Any CPU.ActiveCfg = Release|Any CPU
		{A57EFF3C-219A-452C-8943-2366EC46578B}.Release|Any CPU.Build.0 = Release|Any CPU
	EndGlobalSection
	GlobalSection(SolutionProperties) = preSolution
		HideSolutionNode = FALSE
	EndGlobalSection
	GlobalSection(ExtensibilityGlobals) = postSolution
		SolutionGuid = {3F7F6E24-76B0-4E6F-8B1C-EE9D022EDB23}
	EndGlobalSection
EndGlobal
